
Microsoft Visual Studio Solution File, Format Version 12.00
# Visual Studio Version 17
VisualStudioVersion = 17.3.32519.111
MinimumVisualStudioVersion = 10.0.40219.1
Project("{FAE04EC0-301F-11D3-BF4B-00C04F79EFBC}") = "MailMergeExample", "MailMergeExample.csproj", "{44461053-86FB-488F-8C50-C1E9C8CB7B19}"
EndProject
Global
	GlobalSection(SolutionConfigurationPlatforms) = preSolution
		Debug|Any CPU = Debug|Any CPU
		Release|Any CPU = Release|Any CPU
	EndGlobalSection
	GlobalSection(ProjectConfigurationPlatforms) = postSolution
		{44461053-86FB-488F-8C50-C1E9C8CB7B19}.Debug|Any CPU.ActiveCfg = Debug|Any CPU
		{44461053-86FB-488F-8C50-C1E9C8CB7B19}.Debug|Any CPU.Build.0 = Debug|Any CPU
		{44461053-86FB-488F-8C50-C1E9C8CB7B19}.Release|Any CPU.ActiveCfg = Release|Any CPU
		{44461053-86FB-488F-8C50-C1E9C8CB7B19}.Release|Any CPU.Build.0 = Release|Any CPU
	EndGlobalSection
	GlobalSection(SolutionProperties) = preSolution
		HideSolutionNode = FALSE
	EndGlobalSection
	GlobalSection(ExtensibilityGlobals) = postSolution
		SolutionGuid = {ACB4B3FD-58D5-4804-810C-9E56E184B2B3}
	EndGlobalSection
EndGlobal
